
Microsoft Visual Studio Solution File, Format Version 12.00
# Visual Studio Version 16
VisualStudioVersion = 16.0.31005.135
MinimumVisualStudioVersion = 15.0.26124.0
Project("{9A19103F-16F7-4668-BE54-9A1E7A4F7556}") = "Divisima.API", "Divisima.API\Divisima.API.csproj", "{8AA29C90-91BA-4952-886C-23D5240BA82A}"
EndProject
Project("{FAE04EC0-301F-11D3-BF4B-00C04F79EFBC}") = "Divisima.Domain", "Divisima.Domain\Divisima.Domain.csproj", "{D58F26EB-10A9-46FC-BE8A-3AF59E53750C}"
EndProject
Project("{FAE04EC0-301F-11D3-BF4B-00C04F79EFBC}") = "Divisima.Services", "Divisima.Services\Divisima.Services.csproj", "{FECBEF7F-3A09-4894-A92C-2A1FCCC1472C}"
EndProject
Project("{FAE04EC0-301F-11D3-BF4B-00C04F79EFBC}") = "Divisima.Infra", "Divisima.Infra\Divisima.Infra.csproj", "{3700B110-6F34-440B-A8FB-F5A9D02C4E14}"
EndProject
Project("{FAE04EC0-301F-11D3-BF4B-00C04F79EFBC}") = "Divisima.Core", "Divisima.Core\Divisima.Core.csproj", "{D2D3E347-9184-40DE-8085-1C15641F9ABF}"
EndProject
Project("{9A19103F-16F7-4668-BE54-9A1E7A4F7556}") = "Divisima.Tests", "Divisima.Tests\Divisima.Tests.csproj", "{079A9F89-04A0-4776-8C60-CA143B637D36}"
EndProject
Global
	GlobalSection(SolutionConfigurationPlatforms) = preSolution
		Debug|Any CPU = Debug|Any CPU
		Debug|x64 = Debug|x64
		Debug|x86 = Debug|x86
		Release|Any CPU = Release|Any CPU
		Release|x64 = Release|x64
		Release|x86 = Release|x86
	EndGlobalSection
	GlobalSection(ProjectConfigurationPlatforms) = postSolution
		{8AA29C90-91BA-4952-886C-23D5240BA82A}.Debug|Any CPU.ActiveCfg = Debug|Any CPU
		{8AA29C90-91BA-4952-886C-23D5240BA82A}.Debug|Any CPU.Build.0 = Debug|Any CPU
		{8AA29C90-91BA-4952-886C-23D5240BA82A}.Debug|x64.ActiveCfg = Debug|Any CPU
		{8AA29C90-91BA-4952-886C-23D5240BA82A}.Debug|x64.Build.0 = Debug|Any CPU
		{8AA29C90-91BA-4952-886C-23D5240BA82A}.Debug|x86.ActiveCfg = Debug|Any CPU
		{8AA29C90-91BA-4952-886C-23D5240BA82A}.Debug|x86.Build.0 = Debug|Any CPU
		{8AA29C90-91BA-4952-886C-23D5240BA82A}.Release|Any CPU.ActiveCfg = Release|Any CPU
		{8AA29C90-91BA-4952-886C-23D5240BA82A}.Release|Any CPU.Build.0 = Release|Any CPU
		{8AA29C90-91BA-4952-886C-23D5240BA82A}.Release|x64.ActiveCfg = Release|Any CPU
		{8AA29C90-91BA-4952-886C-23D5240BA82A}.Release|x64.Build.0 = Release|Any CPU
		{8AA29C90-91BA-4952-886C-23D5240BA82A}.Release|x86.ActiveCfg = Release|Any CPU
		{8AA29C90-91BA-4952-886C-23D5240BA82A}.Release|x86.Build.0 = Release|Any CPU
		{D58F26EB-10A9-46FC-BE8A-3AF59E53750C}.Debug|Any CPU.ActiveCfg = Debug|Any CPU
		{D58F26EB-10A9-46FC-BE8A-3AF59E53750C}.Debug|Any CPU.Build.0 = Debug|Any CPU
		{D58F26EB-10A9-46FC-BE8A-3AF59E53750C}.Debug|x64.ActiveCfg = Debug|Any CPU
		{D58F26EB-10A9-46FC-BE8A-3AF59E53750C}.Debug|x64.Build.0 = Debug|Any CPU
		{D58F26EB-10A9-46FC-BE8A-3AF59E53750C}.Debug|x86.ActiveCfg = Debug|Any CPU
		{D58F26EB-10A9-46FC-BE8A-3AF59E53750C}.Debug|x86.Build.0 = Debug|Any CPU
		{D58F26EB-10A9-46FC-BE8A-3AF59E53750C}.Release|Any CPU.ActiveCfg = Release|Any CPU
		{D58F26EB-10A9-46FC-BE8A-3AF59E53750C}.Release|Any CPU.Build.0 = Release|Any CPU
		{D58F26EB-10A9-46FC-BE8A-3AF59E53750C}.Release|x64.ActiveCfg = Release|Any CPU
		{D58F26EB-10A9-46FC-BE8A-3AF59E53750C}.Release|x64.Build.0 = Release|Any CPU
		{D58F26EB-10A9-46FC-BE8A-3AF59E53750C}.Release|x86.ActiveCfg = Release|Any CPU
		{D58F26EB-10A9-46FC-BE8A-3AF59E53750C}.Release|x86.Build.0 = Release|Any CPU
		{FECBEF7F-3A09-4894-A92C-2A1FCCC1472C}.Debug|Any CPU.ActiveCfg = Debug|Any CPU
		{FECBEF7F-3A09-4894-A92C-2A1FCCC1472C}.Debug|Any CPU.Build.0 = Debug|Any CPU
		{FECBEF7F-3A09-4894-A92C-2A1FCCC1472C}.Debug|x64.ActiveCfg = Debug|Any CPU
		{FECBEF7F-3A09-4894-A92C-2A1FCCC1472C}.Debug|x64.Build.0 = Debug|Any CPU
		{FECBEF7F-3A09-4894-A92C-2A1FCCC1472C}.Debug|x86.ActiveCfg = Debug|Any CPU
		{FECBEF7F-3A09-4894-A92C-2A1FCCC1472C}.Debug|x86.Build.0 = Debug|Any CPU
		{FECBEF7F-3A09-4894-A92C-2A1FCCC1472C}.Release|Any CPU.ActiveCfg = Release|Any CPU
		{FECBEF7F-3A09-4894-A92C-2A1FCCC1472C}.Release|Any CPU.Build.0 = Release|Any CPU
		{FECBEF7F-3A09-4894-A92C-2A1FCCC1472C}.Release|x64.ActiveCfg = Release|Any CPU
		{FECBEF7F-3A09-4894-A92C-2A1FCCC1472C}.Release|x64.Build.0 = Release|Any CPU
		{FECBEF7F-3A09-4894-A92C-2A1FCCC1472C}.Release|x86.ActiveCfg = Release|Any CPU
		{FECBEF7F-3A09-4894-A92C-2A1FCCC1472C}.Release|x86.Build.0 = Release|Any CPU
		{3700B110-6F34-440B-A8FB-F5A9D02C4E14}.Debug|Any CPU.ActiveCfg = Debug|Any CPU
		{3700B110-6F34-440B-A8FB-F5A9D02C4E14}.Debug|Any CPU.Build.0 = Debug|Any CPU
		{3700B110-6F34-440B-A8FB-F5A9D02C4E14}.Debug|x64.ActiveCfg = Debug|Any CPU
		{3700B110-6F34-440B-A8FB-F5A9D02C4E14}.Debug|x64.Build.0 = Debug|Any CPU
		{3700B110-6F34-440B-A8FB-F5A9D02C4E14}.Debug|x86.ActiveCfg = Debug|Any CPU
		{3700B110-6F34-440B-A8FB-F5A9D02C4E14}.Debug|x86.Build.0 = Debug|Any CPU
		{3700B110-6F34-440B-A8FB-F5A9D02C4E14}.Release|Any CPU.ActiveCfg = Release|Any CPU
		{3700B110-6F34-440B-A8FB-F5A9D02C4E14}.Release|Any CPU.Build.0 = Release|Any CPU
		{3700B110-6F34-440B-A8FB-F5A9D02C4E14}.Release|x64.ActiveCfg = Release|Any CPU
		{3700B110-6F34-440B-A8FB-F5A9D02C4E14}.Release|x64.Build.0 = Release|Any CPU
		{3700B110-6F34-440B-A8FB-F5A9D02C4E14}.Release|x86.ActiveCfg = Release|Any CPU
		{3700B110-6F34-440B-A8FB-F5A9D02C4E14}.Release|x86.Build.0 = Release|Any CPU
		{D2D3E347-9184-40DE-8085-1C15641F9ABF}.Debug|Any CPU.ActiveCfg = Debug|Any CPU
		{D2D3E347-9184-40DE-8085-1C15641F9ABF}.Debug|Any CPU.Build.0 = Debug|Any CPU
		{D2D3E347-9184-40DE-8085-1C15641F9ABF}.Debug|x64.ActiveCfg = Debug|Any CPU
		{D2D3E347-9184-40DE-8085-1C15641F9ABF}.Debug|x64.Build.0 = Debug|Any CPU
		{D2D3E347-9184-40DE-8085-1C15641F9ABF}.Debug|x86.ActiveCfg = Debug|Any CPU
		{D2D3E347-9184-40DE-8085-1C15641F9ABF}.Debug|x86.Build.0 = Debug|Any CPU
		{D2D3E347-9184-40DE-8085-1C15641F9ABF}.Release|Any CPU.ActiveCfg = Release|Any CPU
		{D2D3E347-9184-40DE-8085-1C15641F9ABF}.Release|Any CPU.Build.0 = Release|Any CPU
		{D2D3E347-9184-40DE-8085-1C15641F9ABF}.Release|x64.ActiveCfg = Release|Any CPU
		{D2D3E347-9184-40DE-8085-1C15641F9ABF}.Release|x64.Build.0 = Release|Any CPU
		{D2D3E347-9184-40DE-8085-1C15641F9ABF}.Release|x86.ActiveCfg = Release|Any CPU
		{D2D3E347-9184-40DE-8085-1C15641F9ABF}.Release|x86.Build.0 = Release|Any CPU
		{079A9F89-04A0-4776-8C60-CA143B637D36}.Debug|Any CPU.ActiveCfg = Debug|Any CPU
		{079A9F89-04A0-4776-8C60-CA143B637D36}.Debug|Any CPU.Build.0 = Debug|Any CPU
		{079A9F89-04A0-4776-8C60-CA143B637D36}.Debug|x64.ActiveCfg = Debug|Any CPU
		{079A9F89-04A0-4776-8C60-CA143B637D36}.Debug|x64.Build.0 = Debug|Any CPU
		{079A9F89-04A0-4776-8C60-CA143B637D36}.Debug|x86.ActiveCfg = Debug|Any CPU
		{079A9F89-04A0-4776-8C60-CA143B637D36}.Debug|x86.Build.0 = Debug|Any CPU
		{079A9F89-04A0-4776-8C60-CA143B637D36}.Release|Any CPU.ActiveCfg = Release|Any CPU
		{079A9F89-04A0-4776-8C60-CA143B637D36}.Release|Any CPU.Build.0 = Release|Any CPU
		{079A9F89-04A0-4776-8C60-CA143B637D36}.Release|x64.ActiveCfg = Release|Any CPU
		{079A9F89-04A0-4776-8C60-CA143B637D36}.Release|x64.Build.0 = Release|Any CPU
		{079A9F89-04A0-4776-8C60-CA143B637D36}.Release|x86.ActiveCfg = Release|Any CPU
		{079A9F89-04A0-4776-8C60-CA143B637D36}.Release|x86.Build.0 = Release|Any CPU
	EndGlobalSection
	GlobalSection(SolutionProperties) = preSolution
		HideSolutionNode = FALSE
	EndGlobalSection
	GlobalSection(ExtensibilityGlobals) = postSolution
		SolutionGuid = {54720F55-1852-4B5B-8DF6-7BA933F4F0E1}
	EndGlobalSection
EndGlobal
