
Microsoft Visual Studio Solution File, Format Version 12.00
# Visual Studio Version 16
VisualStudioVersion = 16.0.31005.135
MinimumVisualStudioVersion = 15.0.26124.0
Project("{9A19103F-16F7-4668-BE54-9A1E7A4F7556}") = "Divisima.API", "Divisima.API\Divisima.API.csproj", "{8AA29C90-91BA-4952-886C-23D5240BA82A}"
EndProject
Global
	GlobalSection(SolutionConfigurationPlatforms) = preSolution
		Debug|Any CPU = Debug|Any CPU
		Debug|x64 = Debug|x64
		Debug|x86 = Debug|x86
		Release|Any CPU = Release|Any CPU
		Release|x64 = Release|x64
		Release|x86 = Release|x86
	EndGlobalSection
	GlobalSection(ProjectConfigurationPlatforms) = postSolution
		{8AA29C90-91BA-4952-886C-23D5240BA82A}.Debug|Any CPU.ActiveCfg = Debug|Any CPU
		{8AA29C90-91BA-4952-886C-23D5240BA82A}.Debug|Any CPU.Build.0 = Debug|Any CPU
		{8AA29C90-91BA-4952-886C-23D5240BA82A}.Debug|x64.ActiveCfg = Debug|Any CPU
		{8AA29C90-91BA-4952-886C-23D5240BA82A}.Debug|x64.Build.0 = Debug|Any CPU
		{8AA29C90-91BA-4952-886C-23D5240BA82A}.Debug|x86.ActiveCfg = Debug|Any CPU
		{8AA29C90-91BA-4952-886C-23D5240BA82A}.Debug|x86.Build.0 = Debug|Any CPU
		{8AA29C90-91BA-4952-886C-23D5240BA82A}.Release|Any CPU.ActiveCfg = Release|Any CPU
		{8AA29C90-91BA-4952-886C-23D5240BA82A}.Release|Any CPU.Build.0 = Release|Any CPU
		{8AA29C90-91BA-4952-886C-23D5240BA82A}.Release|x64.ActiveCfg = Release|Any CPU
		{8AA29C90-91BA-4952-886C-23D5240BA82A}.Release|x64.Build.0 = Release|Any CPU
		{8AA29C90-91BA-4952-886C-23D5240BA82A}.Release|x86.ActiveCfg = Release|Any CPU
		{8AA29C90-91BA-4952-886C-23D5240BA82A}.Release|x86.Build.0 = Release|Any CPU
	EndGlobalSection
	GlobalSection(SolutionProperties) = preSolution
		HideSolutionNode = FALSE
	EndGlobalSection
	GlobalSection(ExtensibilityGlobals) = postSolution
		SolutionGuid = {54720F55-1852-4B5B-8DF6-7BA933F4F0E1}
	EndGlobalSection
EndGlobal
